
Microsoft Visual Studio Solution File, Format Version 12.00
# Visual Studio Version 17
VisualStudioVersion = 17.4.33213.308
MinimumVisualStudioVersion = 10.0.40219.1
Project("{9A19103F-16F7-4668-BE54-9A1E7A4F7556}") = "LsportsAutomation", "FaceLiftAutomation\LsportsAutomation.csproj", "{5287A3C4-8206-498D-A632-E8C5EFA52115}"
EndProject
Global
	GlobalSection(SolutionConfigurationPlatforms) = preSolution
		Debug|Any CPU = Debug|Any CPU
		Release|Any CPU = Release|Any CPU
	EndGlobalSection
	GlobalSection(ProjectConfigurationPlatforms) = postSolution
		{5287A3C4-8206-498D-A632-E8C5EFA52115}.Debug|Any CPU.ActiveCfg = Debug|Any CPU
		{5287A3C4-8206-498D-A632-E8C5EFA52115}.Debug|Any CPU.Build.0 = Debug|Any CPU
		{5287A3C4-8206-498D-A632-E8C5EFA52115}.Release|Any CPU.ActiveCfg = Release|Any CPU
		{5287A3C4-8206-498D-A632-E8C5EFA52115}.Release|Any CPU.Build.0 = Release|Any CPU
	EndGlobalSection
	GlobalSection(SolutionProperties) = preSolution
		HideSolutionNode = FALSE
	EndGlobalSection
	GlobalSection(ExtensibilityGlobals) = postSolution
		SolutionGuid = {60AAACE8-DE84-42D2-82E6-EA466440BBC5}
	EndGlobalSection
EndGlobal
